
Microsoft Visual Studio Solution File, Format Version 12.00
# Visual Studio Version 17
VisualStudioVersion = 17.6.33723.286
MinimumVisualStudioVersion = 10.0.40219.1
Project("{FAE04EC0-301F-11D3-BF4B-00C04F79EFBC}") = "generalStore", "generalStore\generalStore.csproj", "{DF5DD40F-CBF2-4B80-B8CB-EC5074DCCDE1}"
EndProject
Global
	GlobalSection(SolutionConfigurationPlatforms) = preSolution
		Debug|Any CPU = Debug|Any CPU
		Release|Any CPU = Release|Any CPU
	EndGlobalSection
	GlobalSection(ProjectConfigurationPlatforms) = postSolution
		{DF5DD40F-CBF2-4B80-B8CB-EC5074DCCDE1}.Debug|Any CPU.ActiveCfg = Debug|Any CPU
		{DF5DD40F-CBF2-4B80-B8CB-EC5074DCCDE1}.Debug|Any CPU.Build.0 = Debug|Any CPU
		{DF5DD40F-CBF2-4B80-B8CB-EC5074DCCDE1}.Release|Any CPU.ActiveCfg = Release|Any CPU
		{DF5DD40F-CBF2-4B80-B8CB-EC5074DCCDE1}.Release|Any CPU.Build.0 = Release|Any CPU
	EndGlobalSection
	GlobalSection(SolutionProperties) = preSolution
		HideSolutionNode = FALSE
	EndGlobalSection
	GlobalSection(ExtensibilityGlobals) = postSolution
		SolutionGuid = {FCB1FE16-FEEB-4AB8-864B-2FE93A3A94F8}
	EndGlobalSection
EndGlobal
